
Microsoft Visual Studio Solution File, Format Version 12.00
# Visual Studio Version 17
VisualStudioVersion = 17.0.31903.59
MinimumVisualStudioVersion = 10.0.40219.1
Project("{FAE04EC0-301F-11D3-BF4B-00C04F79EFBC}") = "FM.ServiceDefaults", "FM.ServiceDefaults\FM.ServiceDefaults.csproj", "{295F32DC-E158-4AA7-805A-A83A152F33B7}"
EndProject
Project("{FAE04EC0-301F-11D3-BF4B-00C04F79EFBC}") = "FM.AppHost", "FM.AppHost\FM.AppHost.csproj", "{D4F85600-C14C-49E8-AFE1-9997B1B0FC79}"
EndProject
Project("{FAE04EC0-301F-11D3-BF4B-00C04F79EFBC}") = "FM.API", "FM.API\FM.API.csproj", "{6F41B6DE-4333-4162-ACDC-369224C587B9}"
EndProject
Project("{FAE04EC0-301F-11D3-BF4B-00C04F79EFBC}") = "FM.Worker", "FM.Worker\FM.Worker.csproj", "{A2AF289E-A9D6-47DD-B233-6824B3691DD9}"
EndProject
Project("{FAE04EC0-301F-11D3-BF4B-00C04F79EFBC}") = "FM.UI", "FM.UI\FM.UI.csproj", "{EE32B026-5D58-46D9-A053-A83B79456086}"
EndProject
Project("{FAE04EC0-301F-11D3-BF4B-00C04F79EFBC}") = "FM.API.Gateway", "FM.API.Gateway\FM.API.Gateway.csproj", "{F23F1252-3485-45C4-A36D-013889A03404}"
EndProject
Global
	GlobalSection(SolutionConfigurationPlatforms) = preSolution
		Debug|Any CPU = Debug|Any CPU
		Debug|x64 = Debug|x64
		Debug|x86 = Debug|x86
		Release|Any CPU = Release|Any CPU
		Release|x64 = Release|x64
		Release|x86 = Release|x86
	EndGlobalSection
	GlobalSection(ProjectConfigurationPlatforms) = postSolution
		{295F32DC-E158-4AA7-805A-A83A152F33B7}.Debug|Any CPU.ActiveCfg = Debug|Any CPU
		{295F32DC-E158-4AA7-805A-A83A152F33B7}.Debug|Any CPU.Build.0 = Debug|Any CPU
		{295F32DC-E158-4AA7-805A-A83A152F33B7}.Debug|x64.ActiveCfg = Debug|Any CPU
		{295F32DC-E158-4AA7-805A-A83A152F33B7}.Debug|x64.Build.0 = Debug|Any CPU
		{295F32DC-E158-4AA7-805A-A83A152F33B7}.Debug|x86.ActiveCfg = Debug|Any CPU
		{295F32DC-E158-4AA7-805A-A83A152F33B7}.Debug|x86.Build.0 = Debug|Any CPU
		{295F32DC-E158-4AA7-805A-A83A152F33B7}.Release|Any CPU.ActiveCfg = Release|Any CPU
		{295F32DC-E158-4AA7-805A-A83A152F33B7}.Release|Any CPU.Build.0 = Release|Any CPU
		{295F32DC-E158-4AA7-805A-A83A152F33B7}.Release|x64.ActiveCfg = Release|Any CPU
		{295F32DC-E158-4AA7-805A-A83A152F33B7}.Release|x64.Build.0 = Release|Any CPU
		{295F32DC-E158-4AA7-805A-A83A152F33B7}.Release|x86.ActiveCfg = Release|Any CPU
		{295F32DC-E158-4AA7-805A-A83A152F33B7}.Release|x86.Build.0 = Release|Any CPU
		{D4F85600-C14C-49E8-AFE1-9997B1B0FC79}.Debug|Any CPU.ActiveCfg = Debug|Any CPU
		{D4F85600-C14C-49E8-AFE1-9997B1B0FC79}.Debug|Any CPU.Build.0 = Debug|Any CPU
		{D4F85600-C14C-49E8-AFE1-9997B1B0FC79}.Debug|x64.ActiveCfg = Debug|Any CPU
		{D4F85600-C14C-49E8-AFE1-9997B1B0FC79}.Debug|x64.Build.0 = Debug|Any CPU
		{D4F85600-C14C-49E8-AFE1-9997B1B0FC79}.Debug|x86.ActiveCfg = Debug|Any CPU
		{D4F85600-C14C-49E8-AFE1-9997B1B0FC79}.Debug|x86.Build.0 = Debug|Any CPU
		{D4F85600-C14C-49E8-AFE1-9997B1B0FC79}.Release|Any CPU.ActiveCfg = Release|Any CPU
		{D4F85600-C14C-49E8-AFE1-9997B1B0FC79}.Release|Any CPU.Build.0 = Release|Any CPU
		{D4F85600-C14C-49E8-AFE1-9997B1B0FC79}.Release|x64.ActiveCfg = Release|Any CPU
		{D4F85600-C14C-49E8-AFE1-9997B1B0FC79}.Release|x64.Build.0 = Release|Any CPU
		{D4F85600-C14C-49E8-AFE1-9997B1B0FC79}.Release|x86.ActiveCfg = Release|Any CPU
		{D4F85600-C14C-49E8-AFE1-9997B1B0FC79}.Release|x86.Build.0 = Release|Any CPU
		{6F41B6DE-4333-4162-ACDC-369224C587B9}.Debug|Any CPU.ActiveCfg = Debug|Any CPU
		{6F41B6DE-4333-4162-ACDC-369224C587B9}.Debug|Any CPU.Build.0 = Debug|Any CPU
		{6F41B6DE-4333-4162-ACDC-369224C587B9}.Debug|x64.ActiveCfg = Debug|Any CPU
		{6F41B6DE-4333-4162-ACDC-369224C587B9}.Debug|x64.Build.0 = Debug|Any CPU
		{6F41B6DE-4333-4162-ACDC-369224C587B9}.Debug|x86.ActiveCfg = Debug|Any CPU
		{6F41B6DE-4333-4162-ACDC-369224C587B9}.Debug|x86.Build.0 = Debug|Any CPU
		{6F41B6DE-4333-4162-ACDC-369224C587B9}.Release|Any CPU.ActiveCfg = Release|Any CPU
		{6F41B6DE-4333-4162-ACDC-369224C587B9}.Release|Any CPU.Build.0 = Release|Any CPU
		{6F41B6DE-4333-4162-ACDC-369224C587B9}.Release|x64.ActiveCfg = Release|Any CPU
		{6F41B6DE-4333-4162-ACDC-369224C587B9}.Release|x64.Build.0 = Release|Any CPU
		{6F41B6DE-4333-4162-ACDC-369224C587B9}.Release|x86.ActiveCfg = Release|Any CPU
		{6F41B6DE-4333-4162-ACDC-369224C587B9}.Release|x86.Build.0 = Release|Any CPU
		{A2AF289E-A9D6-47DD-B233-6824B3691DD9}.Debug|Any CPU.ActiveCfg = Debug|Any CPU
		{A2AF289E-A9D6-47DD-B233-6824B3691DD9}.Debug|Any CPU.Build.0 = Debug|Any CPU
		{A2AF289E-A9D6-47DD-B233-6824B3691DD9}.Debug|x64.ActiveCfg = Debug|Any CPU
		{A2AF289E-A9D6-47DD-B233-6824B3691DD9}.Debug|x64.Build.0 = Debug|Any CPU
		{A2AF289E-A9D6-47DD-B233-6824B3691DD9}.Debug|x86.ActiveCfg = Debug|Any CPU
		{A2AF289E-A9D6-47DD-B233-6824B3691DD9}.Debug|x86.Build.0 = Debug|Any CPU
		{A2AF289E-A9D6-47DD-B233-6824B3691DD9}.Release|Any CPU.ActiveCfg = Release|Any CPU
		{A2AF289E-A9D6-47DD-B233-6824B3691DD9}.Release|Any CPU.Build.0 = Release|Any CPU
		{A2AF289E-A9D6-47DD-B233-6824B3691DD9}.Release|x64.ActiveCfg = Release|Any CPU
		{A2AF289E-A9D6-47DD-B233-6824B3691DD9}.Release|x64.Build.0 = Release|Any CPU
		{A2AF289E-A9D6-47DD-B233-6824B3691DD9}.Release|x86.ActiveCfg = Release|Any CPU
		{A2AF289E-A9D6-47DD-B233-6824B3691DD9}.Release|x86.Build.0 = Release|Any CPU
		{EE32B026-5D58-46D9-A053-A83B79456086}.Debug|Any CPU.ActiveCfg = Debug|Any CPU
		{EE32B026-5D58-46D9-A053-A83B79456086}.Debug|Any CPU.Build.0 = Debug|Any CPU
		{EE32B026-5D58-46D9-A053-A83B79456086}.Debug|x64.ActiveCfg = Debug|Any CPU
		{EE32B026-5D58-46D9-A053-A83B79456086}.Debug|x64.Build.0 = Debug|Any CPU
		{EE32B026-5D58-46D9-A053-A83B79456086}.Debug|x86.ActiveCfg = Debug|Any CPU
		{EE32B026-5D58-46D9-A053-A83B79456086}.Debug|x86.Build.0 = Debug|Any CPU
		{EE32B026-5D58-46D9-A053-A83B79456086}.Release|Any CPU.ActiveCfg = Release|Any CPU
		{EE32B026-5D58-46D9-A053-A83B79456086}.Release|Any CPU.Build.0 = Release|Any CPU
		{EE32B026-5D58-46D9-A053-A83B79456086}.Release|x64.ActiveCfg = Release|Any CPU
		{EE32B026-5D58-46D9-A053-A83B79456086}.Release|x64.Build.0 = Release|Any CPU
		{EE32B026-5D58-46D9-A053-A83B79456086}.Release|x86.ActiveCfg = Release|Any CPU
		{EE32B026-5D58-46D9-A053-A83B79456086}.Release|x86.Build.0 = Release|Any CPU
		{F23F1252-3485-45C4-A36D-013889A03404}.Debug|Any CPU.ActiveCfg = Debug|Any CPU
		{F23F1252-3485-45C4-A36D-013889A03404}.Debug|Any CPU.Build.0 = Debug|Any CPU
		{F23F1252-3485-45C4-A36D-013889A03404}.Debug|x64.ActiveCfg = Debug|Any CPU
		{F23F1252-3485-45C4-A36D-013889A03404}.Debug|x64.Build.0 = Debug|Any CPU
		{F23F1252-3485-45C4-A36D-013889A03404}.Debug|x86.ActiveCfg = Debug|Any CPU
		{F23F1252-3485-45C4-A36D-013889A03404}.Debug|x86.Build.0 = Debug|Any CPU
		{F23F1252-3485-45C4-A36D-013889A03404}.Release|Any CPU.ActiveCfg = Release|Any CPU
		{F23F1252-3485-45C4-A36D-013889A03404}.Release|Any CPU.Build.0 = Release|Any CPU
		{F23F1252-3485-45C4-A36D-013889A03404}.Release|x64.ActiveCfg = Release|Any CPU
		{F23F1252-3485-45C4-A36D-013889A03404}.Release|x64.Build.0 = Release|Any CPU
		{F23F1252-3485-45C4-A36D-013889A03404}.Release|x86.ActiveCfg = Release|Any CPU
		{F23F1252-3485-45C4-A36D-013889A03404}.Release|x86.Build.0 = Release|Any CPU
	EndGlobalSection
	GlobalSection(SolutionProperties) = preSolution
		HideSolutionNode = FALSE
	EndGlobalSection
EndGlobal
